
Microsoft Visual Studio Solution File, Format Version 12.00
# Visual Studio Version 17
VisualStudioVersion = 17.11.35312.102
MinimumVisualStudioVersion = 10.0.40219.1
Project("{FAE04EC0-301F-11D3-BF4B-00C04F79EFBC}") = "Lab03_Bilet", "Lab03_Bilet.csproj", "{DD47FD05-F69A-4B52-8055-5B229517F422}"
EndProject
Global
	GlobalSection(SolutionConfigurationPlatforms) = preSolution
		Debug|Any CPU = Debug|Any CPU
		Release|Any CPU = Release|Any CPU
	EndGlobalSection
	GlobalSection(ProjectConfigurationPlatforms) = postSolution
		{DD47FD05-F69A-4B52-8055-5B229517F422}.Debug|Any CPU.ActiveCfg = Debug|Any CPU
		{DD47FD05-F69A-4B52-8055-5B229517F422}.Debug|Any CPU.Build.0 = Debug|Any CPU
		{DD47FD05-F69A-4B52-8055-5B229517F422}.Release|Any CPU.ActiveCfg = Release|Any CPU
		{DD47FD05-F69A-4B52-8055-5B229517F422}.Release|Any CPU.Build.0 = Release|Any CPU
	EndGlobalSection
	GlobalSection(SolutionProperties) = preSolution
		HideSolutionNode = FALSE
	EndGlobalSection
	GlobalSection(ExtensibilityGlobals) = postSolution
		SolutionGuid = {E41790AC-9990-4DCD-A551-47D053A788C7}
	EndGlobalSection
EndGlobal
